
Microsoft Visual Studio Solution File, Format Version 12.00
# Visual Studio Version 17
VisualStudioVersion = 17.14.37516.0
MinimumVisualStudioVersion = 10.0.40219.1
Project("{888888A0-9F3D-457C-B088-3A5042F75D52}") = "Semana3", "Semana3\Semana3.pyproj", "{E0493654-70C8-41A5-A1B4-41AAC1CDEF3E}"
EndProject
Project("{888888A0-9F3D-457C-B088-3A5042F75D52}") = "Semana4", "..\..\..\Downloads\SEM04\Semana4\Semana4.pyproj", "{9999815F-C557-4B9C-9DC9-7DE1C08D373E}"
EndProject
Global
	GlobalSection(SolutionConfigurationPlatforms) = preSolution
		Debug|Any CPU = Debug|Any CPU
		Release|Any CPU = Release|Any CPU
	EndGlobalSection
	GlobalSection(ProjectConfigurationPlatforms) = postSolution
		{E0493654-70C8-41A5-A1B4-41AAC1CDEF3E}.Debug|Any CPU.ActiveCfg = Debug|Any CPU
		{E0493654-70C8-41A5-A1B4-41AAC1CDEF3E}.Release|Any CPU.ActiveCfg = Release|Any CPU
		{9999815F-C557-4B9C-9DC9-7DE1C08D373E}.Debug|Any CPU.ActiveCfg = Debug|Any CPU
		{9999815F-C557-4B9C-9DC9-7DE1C08D373E}.Release|Any CPU.ActiveCfg = Release|Any CPU
	EndGlobalSection
	GlobalSection(SolutionProperties) = preSolution
		HideSolutionNode = FALSE
	EndGlobalSection
	GlobalSection(ExtensibilityGlobals) = postSolution
		SolutionGuid = {7AE7FA3F-CE24-444A-ADAA-AB6CFD6153DE}
	EndGlobalSection
EndGlobal
