
Microsoft Visual Studio Solution File, Format Version 12.00
# Visual Studio Version 17
VisualStudioVersion = 17.14.37516.0 d17.14
MinimumVisualStudioVersion = 10.0.40219.1
Project("{FAE04EC0-301F-11D3-BF4B-00C04F79EFBC}") = "Semana7", "Semana7.csproj", "{FD51241D-14B8-48D9-B8EA-2EFE56D927F4}"
EndProject
Global
	GlobalSection(SolutionConfigurationPlatforms) = preSolution
		Debug|Any CPU = Debug|Any CPU
		Release|Any CPU = Release|Any CPU
	EndGlobalSection
	GlobalSection(ProjectConfigurationPlatforms) = postSolution
		{FD51241D-14B8-48D9-B8EA-2EFE56D927F4}.Debug|Any CPU.ActiveCfg = Debug|Any CPU
		{FD51241D-14B8-48D9-B8EA-2EFE56D927F4}.Debug|Any CPU.Build.0 = Debug|Any CPU
		{FD51241D-14B8-48D9-B8EA-2EFE56D927F4}.Release|Any CPU.ActiveCfg = Release|Any CPU
		{FD51241D-14B8-48D9-B8EA-2EFE56D927F4}.Release|Any CPU.Build.0 = Release|Any CPU
	EndGlobalSection
	GlobalSection(SolutionProperties) = preSolution
		HideSolutionNode = FALSE
	EndGlobalSection
	GlobalSection(ExtensibilityGlobals) = postSolution
		SolutionGuid = {8B19B364-81FE-4187-950C-E87491BF6039}
	EndGlobalSection
EndGlobal
